{
  "name": "typingfreaks",
  "version": "0.0.1",
  "lockfileVersion": 1,
  "requires": true,
  "dependencies": {
    "@types/es6-collections": {
      "version": "0.5.31",
      "resolved": "https://registry.npmjs.org/@types/es6-collections/-/es6-collections-0.5.31.tgz",
      "integrity": "sha512-djEvbdTH5Uw7V0WqdMQLG4NK3+iu/FMZy/ylyhWEFnW5xOsXEWpivo/dhP+cR43Az+ipytza7dTSnpsWCxKYAw==",
      "dev": true
    },
    "@types/es6-promise": {
      "version": "0.0.33",
      "resolved": "https://registry.npmjs.org/@types/es6-promise/-/es6-promise-0.0.33.tgz",
      "integrity": "sha512-HKJFVLCGrWQ/1unEw8JdaTxu6n3EUxmwTxJ6D0O1x0gD8joCsgoTWxEgevb7fp2XIogNjof3KEd+3bJoGne/nw==",
      "dev": true
    },
    "typescript": {
      "version": "2.6.2",
      "resolved": "https://registry.npmjs.org/typescript/-/typescript-2.6.2.tgz",
      "integrity": "sha1-PFtv1/beCRQmkCfwPAlGdY92c6Q=",
      "dev": true
    }
  }
}
